
Microsoft Visual Studio Solution File, Format Version 12.00
# Visual Studio Version 17
VisualStudioVersion = 17.4.33103.184
MinimumVisualStudioVersion = 10.0.40219.1
Project("{FAE04EC0-301F-11D3-BF4B-00C04F79EFBC}") = "Cinder-Web-App", "Cinder-Web-App.csproj", "{6BD2D161-4A08-4695-97AF-6547F09F1C65}"
EndProject
Global
	GlobalSection(SolutionConfigurationPlatforms) = preSolution
		Debug|Any CPU = Debug|Any CPU
		Release|Any CPU = Release|Any CPU
	EndGlobalSection
	GlobalSection(ProjectConfigurationPlatforms) = postSolution
		{6BD2D161-4A08-4695-97AF-6547F09F1C65}.Debug|Any CPU.ActiveCfg = Debug|Any CPU
		{6BD2D161-4A08-4695-97AF-6547F09F1C65}.Debug|Any CPU.Build.0 = Debug|Any CPU
		{6BD2D161-4A08-4695-97AF-6547F09F1C65}.Release|Any CPU.ActiveCfg = Release|Any CPU
		{6BD2D161-4A08-4695-97AF-6547F09F1C65}.Release|Any CPU.Build.0 = Release|Any CPU
	EndGlobalSection
	GlobalSection(SolutionProperties) = preSolution
		HideSolutionNode = FALSE
	EndGlobalSection
	GlobalSection(ExtensibilityGlobals) = postSolution
		SolutionGuid = {4CBF4382-D687-47D2-B9A7-DB972957E832}
	EndGlobalSection
EndGlobal
